
Microsoft Visual Studio Solution File, Format Version 12.00
# Visual Studio Version 16
VisualStudioVersion = 16.0.29215.179
MinimumVisualStudioVersion = 10.0.40219.1
Project("{FAE04EC0-301F-11D3-BF4B-00C04F79EFBC}") = "AnaliseDados", "AnaliseDados\AnaliseDados.csproj", "{828F75D8-BF56-44A5-A3EB-9F0AD82A6728}"
EndProject
Project("{FAE04EC0-301F-11D3-BF4B-00C04F79EFBC}") = "AnaliseDados.Tests", "AnaliseDados.Tests\AnaliseDados.Tests.csproj", "{E283378F-D26C-4326-BBF5-E4E6A11AE771}"
EndProject
Global
	GlobalSection(SolutionConfigurationPlatforms) = preSolution
		Debug|Any CPU = Debug|Any CPU
		Release|Any CPU = Release|Any CPU
	EndGlobalSection
	GlobalSection(ProjectConfigurationPlatforms) = postSolution
		{828F75D8-BF56-44A5-A3EB-9F0AD82A6728}.Debug|Any CPU.ActiveCfg = Debug|Any CPU
		{828F75D8-BF56-44A5-A3EB-9F0AD82A6728}.Debug|Any CPU.Build.0 = Debug|Any CPU
		{828F75D8-BF56-44A5-A3EB-9F0AD82A6728}.Release|Any CPU.ActiveCfg = Release|Any CPU
		{828F75D8-BF56-44A5-A3EB-9F0AD82A6728}.Release|Any CPU.Build.0 = Release|Any CPU
		{E283378F-D26C-4326-BBF5-E4E6A11AE771}.Debug|Any CPU.ActiveCfg = Debug|Any CPU
		{E283378F-D26C-4326-BBF5-E4E6A11AE771}.Debug|Any CPU.Build.0 = Debug|Any CPU
		{E283378F-D26C-4326-BBF5-E4E6A11AE771}.Release|Any CPU.ActiveCfg = Release|Any CPU
		{E283378F-D26C-4326-BBF5-E4E6A11AE771}.Release|Any CPU.Build.0 = Release|Any CPU
	EndGlobalSection
	GlobalSection(SolutionProperties) = preSolution
		HideSolutionNode = FALSE
	EndGlobalSection
	GlobalSection(ExtensibilityGlobals) = postSolution
		SolutionGuid = {2596259E-F889-480C-84C4-08CED0AB8E51}
	EndGlobalSection
EndGlobal
